Microsoft Visual Studio Solution File, Format Version 12.00
# Visual Studio Version 17
VisualStudioVersion = 17.5.2.0
MinimumVisualStudioVersion = 10.0.40219.1
Project("{FAE04EC0-301F-11D3-BF4B-00C04F79EFBC}") = "QuantumLib", "QuantumLib\QuantumLib.csproj", "{AD3F2AED-666F-09C1-0E83-60DCBF78F9EF}"
EndProject
Project("{FAE04EC0-301F-11D3-BF4B-00C04F79EFBC}") = "QuantumApi", "QuantumApi\QuantumApi.csproj", "{660D0B78-786B-486E-983F-30BA01820C14}"
EndProject
Global
	GlobalSection(SolutionConfigurationPlatforms) = preSolution
		Debug|Any CPU = Debug|Any CPU
		Release|Any CPU = Release|Any CPU
	EndGlobalSection
	GlobalSection(ProjectConfigurationPlatforms) = postSolution
		{AD3F2AED-666F-09C1-0E83-60DCBF78F9EF}.Debug|Any CPU.ActiveCfg = Debug|Any CPU
		{AD3F2AED-666F-09C1-0E83-60DCBF78F9EF}.Debug|Any CPU.Build.0 = Debug|Any CPU
		{AD3F2AED-666F-09C1-0E83-60DCBF78F9EF}.Release|Any CPU.ActiveCfg = Release|Any CPU
		{AD3F2AED-666F-09C1-0E83-60DCBF78F9EF}.Release|Any CPU.Build.0 = Release|Any CPU
		{660D0B78-786B-486E-983F-30BA01820C14}.Debug|Any CPU.ActiveCfg = Debug|Any CPU
		{660D0B78-786B-486E-983F-30BA01820C14}.Debug|Any CPU.Build.0 = Debug|Any CPU
		{660D0B78-786B-486E-983F-30BA01820C14}.Release|Any CPU.ActiveCfg = Release|Any CPU
		{660D0B78-786B-486E-983F-30BA01820C14}.Release|Any CPU.Build.0 = Release|Any CPU
	EndGlobalSection
	GlobalSection(SolutionProperties) = preSolution
		HideSolutionNode = FALSE
	EndGlobalSection
	GlobalSection(ExtensibilityGlobals) = postSolution
		SolutionGuid = {4E2C5E56-2561-4D45-BB0D-8665835085C6}
	EndGlobalSection
EndGlobal
